// !$*UTF8*$!
{
	archiveVersion = 1;
	classes = {
	};
	objectVersion = 46;
	objects = {

/* Begin PBXBuildFile section */
		95CCF85A1ABE6D20002BAB31 /* main.swift in Sources */ = {isa = PBXBuildFile; fileRef = 95CCF8591ABE6D20002BAB31 /* main.swift */; };
		95CCF8611ABE6D57002BAB31 /* swiftStack.swift in Sources */ = {isa = PBXBuildFile; fileRef = 95CCF8601ABE6D57002BAB31 /* swiftStack.swift */; };
/* End PBXBuildFile section */

/* Begin PBXCopyFilesBuildPhase section */
		95CCF8541ABE6D20002BAB31 /* CopyFiles */ = {
			isa = PBXCopyFilesBuildPhase;
			buildActionMask = 2147483647;
			dstPath = /usr/share/man/man1/;
			dstSubfolderSpec = 0;
			files = (
			);
			runOnlyForDeploymentPostprocessing = 1;
		};
/* End PBXCopyFilesBuildPhase section */

/* Begin PBXFileReference section */
		95CCF8561ABE6D20002BAB31 /* swiftStack */ = {isa = PBXFileReference; explicitFileType = "compiled.mach-o.executable"; includeInIndex = 0; path = swiftStack; sourceTree = BUILT_PRODUCTS_DIR; };
		95CCF8591ABE6D20002BAB31 /* main.swift */ = {isa = PBXFileReference; lastKnownFileType = sourcecode.swift; path = main.swift; sourceTree = "<group>"; };
		95CCF8601ABE6D57002BAB31 /* swiftStack.swift */ = {isa = PBXFileReference; fileEncoding = 4; lastKnownFileType = sourcecode.swift; path = swiftStack.swift; sourceTree = "<group>"; };
/* End PBXFileReference section */

/* Begin PBXFrameworksBuildPhase section */
		95CCF8531ABE6D20002BAB31 /* Frameworks */ = {
			isa = PBXFrameworksBuildPhase;
			buildActionMask = 2147483647;
			files = (
			);
			runOnlyForDeploymentPostprocessing = 0;
		};
/* End PBXFrameworksBuildPhase section */

/* Begin PBXGroup section */
		95CCF84D1ABE6D20002BAB31 = {
			isa = PBXGroup;
			children = (
				95CCF8581ABE6D20002BAB31 /* swiftStack */,
				95CCF8571ABE6D20002BAB31 /* Products */,
			);
			sourceTree = "<group>";
		};
		95CCF8571ABE6D20002BAB31 /* Products */ = {
			isa = PBXGroup;
			children = (
				95CCF8561ABE6D20002BAB31 /* swiftStack */,
			);
			name = Products;
			sourceTree = "<group>";
		};
		95CCF8581ABE6D20002BAB31 /* swiftStack */ = {
			isa = PBXGroup;
			children = (
				95CCF8591ABE6D20002BAB31 /* main.swift */,
				95CCF8601ABE6D57002BAB31 /* swiftStack.swift */,
			);
			path = swiftStack;
			sourceTree = "<group>";
		};
/* End PBXGroup section */

/* Begin PBXNativeTarget section */
		95CCF8551ABE6D20002BAB31 /* swiftStack */ = {
			isa = PBXNativeTarget;
			buildConfigurationList = 95CCF85D1ABE6D20002BAB31 /* Build configuration list for PBXNativeTarget "swiftStack" */;
			buildPhases = (
				95CCF8521ABE6D20002BAB31 /* Sources */,
				95CCF8531ABE6D20002BAB31 /* Frameworks */,
				95CCF8541ABE6D20002BAB31 /* CopyFiles */,
			);
			buildRules = (
			);
			dependencies = (
			);
			name = swiftStack;
			productName = swiftStack;
			productReference = 95CCF8561ABE6D20002BAB31 /* swiftStack */;
			productType = "com.apple.product-type.tool";
		};
/* End PBXNativeTarget section */

/* Begin PBXProject section */
		95CCF84E1ABE6D20002BAB31 /* Project object */ = {
			isa = PBXProject;
			attributes = {
				LastUpgradeCheck = 0620;
				ORGANIZATIONNAME = MattChupp;
				TargetAttributes = {
					95CCF8551ABE6D20002BAB31 = {
						CreatedOnToolsVersion = 6.2;
					};
				};
			};
			buildConfigurationList = 95CCF8511ABE6D20002BAB31 /* Build configuration list for PBXProject "swiftStack" */;
			compatibilityVersion = "Xcode 3.2";
			developmentRegion = English;
			hasScannedForEncodings = 0;
			knownRegions = (
				en,
			);
			mainGroup = 95CCF84D1ABE6D20002BAB31;
			productRefGroup = 95CCF8571ABE6D20002BAB31 /* Products */;
			projectDirPath = "";
			projectRoot = "";
			targets = (
				95CCF8551ABE6D20002BAB31 /* swiftStack */,
			);
		};
/* End PBXProject section */

/* Begin PBXSourcesBuildPhase section */
		95CCF8521ABE6D20002BAB31 /* Sources */ = {
			isa = PBXSourcesBuildPhase;
			buildActionMask = 2147483647;
			files = (
				95CCF8611ABE6D57002BAB31 /* swiftStack.swift in Sources */,
				95CCF85A1ABE6D20002BAB31 /* main.swift in Sources */,
			);
			runOnlyForDeploymentPostprocessing = 0;
		};
/* End PBXSourcesBuildPhase section */

/* Begin XCBuildConfiguration section */
		95CCF85B1ABE6D20002BAB31 /* Debug */ = {
			isa = XCBuildConfiguration;
			buildSettings = {
				ALWAYS_SEARCH_USER_PATHS = NO;
				CLANG_CXX_LANGUAGE_STANDARD = "gnu++0x";
				CLANG_CXX_LIBRARY = "libc++";
				CLANG_ENABLE_MODULES = YES;
				CLANG_ENABLE_OBJC_ARC = YES;
				CLANG_WARN_BOOL_CONVERSION = YES;
				CLANG_WARN_CONSTANT_CONVERSION = YES;
				CLANG_WARN_DIRECT_OBJC_ISA_USAGE = YES_ERROR;
				CLANG_WARN_EMPTY_BODY = YES;
				CLANG_WARN_ENUM_CONVERSION = YES;
				CLANG_WARN_INT_CONVERSION = YES;
				CLANG_WARN_OBJC_ROOT_CLASS = YES_ERROR;
				CLANG_WARN_UNREACHABLE_CODE = YES;
				CLANG_WARN__DUPLICATE_METHOD_MATCH = YES;
				COPY_PHASE_STRIP = NO;
				ENABLE_STRICT_OBJC_MSGSEND = YES;
				GCC_C_LANGUAGE_STANDARD = gnu99;
				GCC_DYNAMIC_NO_PIC = NO;
				GCC_OPTIMIZATION_LEVEL = 0;
				GCC_PREPROCESSOR_DEFINITIONS = (
					"DEBUG=1",
					"$(inherited)",
				);
				GCC_SYMBOLS_PRIVATE_EXTERN = NO;
				GCC_WARN_64_TO_32_BIT_CONVERSION = YES;
				GCC_WARN_ABOUT_RETURN_TYPE = YES_ERROR;
				GCC_WARN_UNDECLARED_SELECTOR = YES;
				GCC_WARN_UNINITIALIZED_AUTOS = YES_AGGRESSIVE;
				GCC_WARN_UNUSED_FUNCTION = YES;
				GCC_WARN_UNUSED_VARIABLE = YES;
				MACOSX_DEPLOYMENT_TARGET = 10.10;
				MTL_ENABLE_DEBUG_INFO = YES;
				ONLY_ACTIVE_ARCH = YES;
				SDKROOT = macosx;
				SWIFT_OPTIMIZATION_LEVEL = "-Onone";
			};
			name = Debug;
		};
		95CCF85C1ABE6D20002BAB31 /* Release */ = {
			isa = XCBuildConfiguration;
			buildSettings = {
				ALWAYS_SEARCH_USER_PATHS = NO;
				CLANG_CXX_LANGUAGE_STANDARD = "gnu++0x";
				CLANG_CXX_LIBRARY = "libc++";
				CLANG_ENABLE_MODULES = YES;
				CLANG_ENABLE_OBJC_ARC = YES;
				CLANG_WARN_BOOL_CONVERSION = YES;
				CLANG_WARN_CONSTANT_CONVERSION = YES;
				CLANG_WARN_DIRECT_OBJC_ISA_USAGE = YES_ERROR;
				CLANG_WARN_EMPTY_BODY = YES;
				CLANG_WARN_ENUM_CONVERSION = YES;
				CLANG_WARN_INT_CONVERSION = YES;
				CLANG_WARN_OBJC_ROOT_CLASS = YES_ERROR;
				CLANG_WARN_UNREACHABLE_CODE = YES;
				CLANG_WARN__DUPLICATE_METHOD_MATCH = YES;
				COPY_PHASE_STRIP = NO;
				DEBUG_INFORMATION_FORMAT = "dwarf-with-dsym";
				ENABLE_NS_ASSERTIONS = NO;
				ENABLE_STRICT_OBJC_MSGSEND = YES;
				GCC_C_LANGUAGE_STANDARD = gnu99;
				GCC_WARN_64_TO_32_BIT_CONVERSION = YES;
				GCC_WARN_ABOUT_RETURN_TYPE = YES_ERROR;
				GCC_WARN_UNDECLARED_SELECTOR = YES;
				GCC_WARN_UNINITIALIZED_AUTOS = YES_AGGRESSIVE;
				GCC_WARN_UNUSED_FUNCTION = YES;
				GCC_WARN_UNUSED_VARIABLE = YES;
				MACOSX_DEPLOYMENT_TARGET = 10.10;
				MTL_ENABLE_DEBUG_INFO = NO;
				SDKROOT = macosx;
			};
			name = Release;
		};
		95CCF85E1ABE6D20002BAB31 /* Debug */ = {
			isa = XCBuildConfiguration;
			buildSettings = {
				PRODUCT_NAME = "$(TARGET_NAME)";
			};
			name = Debug;
		};
		95CCF85F1ABE6D20002BAB31 /* Release */ = {
			isa = XCBuildConfiguration;
			buildSettings = {
				PRODUCT_NAME = "$(TARGET_NAME)";
			};
			name = Release;
		};
/* End XCBuildConfiguration section */

/* Begin XCConfigurationList section */
		95CCF8511ABE6D20002BAB31 /* Build configuration list for PBXProject "swiftStack" */ = {
			isa = XCConfigurationList;
			buildConfigurations = (
				95CCF85B1ABE6D20002BAB31 /* Debug */,
				95CCF85C1ABE6D20002BAB31 /* Release */,
			);
			defaultConfigurationIsVisible = 0;
			defaultConfigurationName = Release;
		};
		95CCF85D1ABE6D20002BAB31 /* Build configuration list for PBXNativeTarget "swiftStack" */ = {
			isa = XCConfigurationList;
			buildConfigurations = (
				95CCF85E1ABE6D20002BAB31 /* Debug */,
				95CCF85F1ABE6D20002BAB31 /* Release */,
			);
			defaultConfigurationIsVisible = 0;
		};
/* End XCConfigurationList section */
	};
	rootObject = 95CCF84E1ABE6D20002BAB31 /* Project object */;
}
